{
  "name": "creamu",
  "version": "0.1.0",
  "lockfileVersion": 3,
  "requires": true,
  "packages": {
    "": {
      "name": "creamu",
      "version": "0.1.0",
      "workspaces": [
        "packages/exh-commander",
        "packages/jlc-commander",
        "packages/scout-commander"
      ]
    },
    "node_modules/@creamu/exh-commander": {
      "resolved": "packages/exh-commander",
      "link": true
    },
    "node_modules/@creamu/jlc-commander": {
      "resolved": "packages/jlc-commander",
      "link": true
    },
    "node_modules/@creamu/scout-commander": {
      "resolved": "packages/scout-commander",
      "link": true
    },
    "packages/exh-commander": {
      "name": "@creamu/exh-commander",
      "version": "0.9.53"
    },
    "packages/jlc-commander": {
      "name": "@creamu/jlc-commander",
      "version": "3.8.1"
    },
    "packages/scout-commander": {
      "name": "@creamu/scout-commander",
      "version": "0.1.5"
    }
  }
}
